
Microsoft Visual Studio Solution File, Format Version 12.00
# Visual Studio Version 16
VisualStudioVersion = 16.0.29709.97
MinimumVisualStudioVersion = 10.0.40219.1
Project("{9A19103F-16F7-4668-BE54-9A1E7A4F7556}") = "bbs_project", "bbs_project.csproj", "{820B9BB9-8879-4AFC-8CE1-F76CBF76E5C6}"
EndProject
Global
	GlobalSection(SolutionConfigurationPlatforms) = preSolution
		Debug|Any CPU = Debug|Any CPU
		Release|Any CPU = Release|Any CPU
	EndGlobalSection
	GlobalSection(ProjectConfigurationPlatforms) = postSolution
		{820B9BB9-8879-4AFC-8CE1-F76CBF76E5C6}.Debug|Any CPU.ActiveCfg = Debug|Any CPU
		{820B9BB9-8879-4AFC-8CE1-F76CBF76E5C6}.Debug|Any CPU.Build.0 = Debug|Any CPU
		{820B9BB9-8879-4AFC-8CE1-F76CBF76E5C6}.Release|Any CPU.ActiveCfg = Release|Any CPU
		{820B9BB9-8879-4AFC-8CE1-F76CBF76E5C6}.Release|Any CPU.Build.0 = Release|Any CPU
	EndGlobalSection
	GlobalSection(SolutionProperties) = preSolution
		HideSolutionNode = FALSE
	EndGlobalSection
	GlobalSection(ExtensibilityGlobals) = postSolution
		SolutionGuid = {ED59118B-1C42-4701-B05D-D5DDAB4AEAAE}
	EndGlobalSection
EndGlobal
